
Microsoft Visual Studio Solution File, Format Version 12.00
# Visual Studio Version 16
VisualStudioVersion = 16.0.31624.102
MinimumVisualStudioVersion = 10.0.40219.1
Project("{FAE04EC0-301F-11D3-BF4B-00C04F79EFBC}") = "WordToPdfConverter", "WordToPdfConverter\WordToPdfConverter.csproj", "{FBC79E64-E72C-4EAE-A36C-59F3D8DC40AB}"
EndProject
Global
	GlobalSection(SolutionConfigurationPlatforms) = preSolution
		Debug|Any CPU = Debug|Any CPU
		Release|Any CPU = Release|Any CPU
	EndGlobalSection
	GlobalSection(ProjectConfigurationPlatforms) = postSolution
		{FBC79E64-E72C-4EAE-A36C-59F3D8DC40AB}.Debug|Any CPU.ActiveCfg = Debug|Any CPU
		{FBC79E64-E72C-4EAE-A36C-59F3D8DC40AB}.Debug|Any CPU.Build.0 = Debug|Any CPU
		{FBC79E64-E72C-4EAE-A36C-59F3D8DC40AB}.Release|Any CPU.ActiveCfg = Release|Any CPU
		{FBC79E64-E72C-4EAE-A36C-59F3D8DC40AB}.Release|Any CPU.Build.0 = Release|Any CPU
	EndGlobalSection
	GlobalSection(SolutionProperties) = preSolution
		HideSolutionNode = FALSE
	EndGlobalSection
	GlobalSection(ExtensibilityGlobals) = postSolution
		SolutionGuid = {EF225074-485A-4266-B935-F38A92212F46}
	EndGlobalSection
EndGlobal
